// !$*UTF8*$!
{
	archiveVersion = 1;
	classes = {
	};
	objectVersion = 56;
	objects = {

/* Begin PBXBuildFile section */
		6A2A77412978FC2800BB035C /* compatibility.json in Resources */ = {isa = PBXBuildFile; fileRef = 6A2A77402978FC2800BB035C /* compatibility.json */; };
		6A2A77442978FD7400BB035C /* Bundle+Extensions.swift in Sources */ = {isa = PBXBuildFile; fileRef = 6A2A77432978FD7400BB035C /* Bundle+Extensions.swift */; };
		6A2A77492979181400BB035C /* Fish.swift in Sources */ = {isa = PBXBuildFile; fileRef = 6A2A77482979181400BB035C /* Fish.swift */; };
		6A5E420F2977F30A007BE4E4 /* AppDelegate.swift in Sources */ = {isa = PBXBuildFile; fileRef = 6A5E420E2977F30A007BE4E4 /* AppDelegate.swift */; };
		6A5E42182977F30C007BE4E4 /* Assets.xcassets in Resources */ = {isa = PBXBuildFile; fileRef = 6A5E42172977F30C007BE4E4 /* Assets.xcassets */; };
		6A5E421B2977F30C007BE4E4 /* LaunchScreen.storyboard in Resources */ = {isa = PBXBuildFile; fileRef = 6A5E42192977F30C007BE4E4 /* LaunchScreen.storyboard */; };
		6A5E42242977F32F007BE4E4 /* CompatibilityViewController.swift in Sources */ = {isa = PBXBuildFile; fileRef = 6A5E42232977F32F007BE4E4 /* CompatibilityViewController.swift */; };
		6A5E42262977F384007BE4E4 /* CompatibilityView.swift in Sources */ = {isa = PBXBuildFile; fileRef = 6A5E42252977F384007BE4E4 /* CompatibilityView.swift */; };
		6A5E42282977F8A7007BE4E4 /* CompatibilityCollectionViewCell.swift in Sources */ = {isa = PBXBuildFile; fileRef = 6A5E42272977F8A7007BE4E4 /* CompatibilityCollectionViewCell.swift */; };
		6A5E422A2977FE0E007BE4E4 /* DropViewView.swift in Sources */ = {isa = PBXBuildFile; fileRef = 6A5E42292977FE0E007BE4E4 /* DropViewView.swift */; };
/* End PBXBuildFile section */

/* Begin PBXFileReference section */
		6A2A77402978FC2800BB035C /* compatibility.json */ = {isa = PBXFileReference; lastKnownFileType = text.json; path = compatibility.json; sourceTree = "<group>"; };
		6A2A77432978FD7400BB035C /* Bundle+Extensions.swift */ = {isa = PBXFileReference; lastKnownFileType = sourcecode.swift; path = "Bundle+Extensions.swift"; sourceTree = "<group>"; };
		6A2A77482979181400BB035C /* Fish.swift */ = {isa = PBXFileReference; lastKnownFileType = sourcecode.swift; path = Fish.swift; sourceTree = "<group>"; };
		6A5E420B2977F30A007BE4E4 /* Compatibiltiy.app */ = {isa = PBXFileReference; explicitFileType = wrapper.application; includeInIndex = 0; path = Compatibiltiy.app; sourceTree = BUILT_PRODUCTS_DIR; };
		6A5E420E2977F30A007BE4E4 /* AppDelegate.swift */ = {isa = PBXFileReference; lastKnownFileType = sourcecode.swift; path = AppDelegate.swift; sourceTree = "<group>"; };
		6A5E42172977F30C007BE4E4 /* Assets.xcassets */ = {isa = PBXFileReference; lastKnownFileType = folder.assetcatalog; path = Assets.xcassets; sourceTree = "<group>"; };
		6A5E421A2977F30C007BE4E4 /* Base */ = {isa = PBXFileReference; lastKnownFileType = file.storyboard; name = Base; path = Base.lproj/LaunchScreen.storyboard; sourceTree = "<group>"; };
		6A5E421C2977F30C007BE4E4 /* Info.plist */ = {isa = PBXFileReference; lastKnownFileType = text.plist.xml; path = Info.plist; sourceTree = "<group>"; };
		6A5E42232977F32F007BE4E4 /* CompatibilityViewController.swift */ = {isa = PBXFileReference; lastKnownFileType = sourcecode.swift; path = CompatibilityViewController.swift; sourceTree = "<group>"; };
		6A5E42252977F384007BE4E4 /* CompatibilityView.swift */ = {isa = PBXFileReference; lastKnownFileType = sourcecode.swift; path = CompatibilityView.swift; sourceTree = "<group>"; };
		6A5E42272977F8A7007BE4E4 /* CompatibilityCollectionViewCell.swift */ = {isa = PBXFileReference; lastKnownFileType = sourcecode.swift; path = CompatibilityCollectionViewCell.swift; sourceTree = "<group>"; };
		6A5E42292977FE0E007BE4E4 /* DropViewView.swift */ = {isa = PBXFileReference; lastKnownFileType = sourcecode.swift; path = DropViewView.swift; sourceTree = "<group>"; };
/* End PBXFileReference section */

/* Begin PBXFrameworksBuildPhase section */
		6A5E42082977F30A007BE4E4 /* Frameworks */ = {
			isa = PBXFrameworksBuildPhase;
			buildActionMask = 2147483647;
			files = (
			);
			runOnlyForDeploymentPostprocessing = 0;
		};
/* End PBXFrameworksBuildPhase section */

/* Begin PBXGroup section */
		6A2A77422978FD6600BB035C /* Extensions */ = {
			isa = PBXGroup;
			children = (
				6A2A77432978FD7400BB035C /* Bundle+Extensions.swift */,
			);
			path = Extensions;
			sourceTree = "<group>";
		};
		6A2A77452979149300BB035C /* Resources */ = {
			isa = PBXGroup;
			children = (
				6A2A77402978FC2800BB035C /* compatibility.json */,
			);
			path = Resources;
			sourceTree = "<group>";
		};
		6A2A7746297917D100BB035C /* Extras */ = {
			isa = PBXGroup;
			children = (
				6A5E420E2977F30A007BE4E4 /* AppDelegate.swift */,
				6A5E42172977F30C007BE4E4 /* Assets.xcassets */,
				6A5E42192977F30C007BE4E4 /* LaunchScreen.storyboard */,
				6A5E421C2977F30C007BE4E4 /* Info.plist */,
			);
			path = Extras;
			sourceTree = "<group>";
		};
		6A2A77472979180700BB035C /* Models */ = {
			isa = PBXGroup;
			children = (
				6A2A77482979181400BB035C /* Fish.swift */,
			);
			path = Models;
			sourceTree = "<group>";
		};
		6A2A774A2979186F00BB035C /* Cells */ = {
			isa = PBXGroup;
			children = (
			);
			path = Cells;
			sourceTree = "<group>";
		};
		6A5E42022977F30A007BE4E4 = {
			isa = PBXGroup;
			children = (
				6A5E420D2977F30A007BE4E4 /* Compatibiltiy */,
				6A5E420C2977F30A007BE4E4 /* Products */,
			);
			sourceTree = "<group>";
		};
		6A5E420C2977F30A007BE4E4 /* Products */ = {
			isa = PBXGroup;
			children = (
				6A5E420B2977F30A007BE4E4 /* Compatibiltiy.app */,
			);
			name = Products;
			sourceTree = "<group>";
		};
		6A5E420D2977F30A007BE4E4 /* Compatibiltiy */ = {
			isa = PBXGroup;
			children = (
				6A2A77472979180700BB035C /* Models */,
				6A2A7746297917D100BB035C /* Extras */,
				6A2A77452979149300BB035C /* Resources */,
				6A2A77422978FD6600BB035C /* Extensions */,
				6A5E42222977F314007BE4E4 /* Modules */,
			);
			path = Compatibiltiy;
			sourceTree = "<group>";
		};
		6A5E42222977F314007BE4E4 /* Modules */ = {
			isa = PBXGroup;
			children = (
				6A2A774A2979186F00BB035C /* Cells */,
				6A5E42232977F32F007BE4E4 /* CompatibilityViewController.swift */,
				6A5E42252977F384007BE4E4 /* CompatibilityView.swift */,
				6A5E42272977F8A7007BE4E4 /* CompatibilityCollectionViewCell.swift */,
				6A5E42292977FE0E007BE4E4 /* DropViewView.swift */,
			);
			path = Modules;
			sourceTree = "<group>";
		};
/* End PBXGroup section */

/* Begin PBXNativeTarget section */
		6A5E420A2977F30A007BE4E4 /* Compatibiltiy */ = {
			isa = PBXNativeTarget;
			buildConfigurationList = 6A5E421F2977F30C007BE4E4 /* Build configuration list for PBXNativeTarget "Compatibiltiy" */;
			buildPhases = (
				6A5E42072977F30A007BE4E4 /* Sources */,
				6A5E42082977F30A007BE4E4 /* Frameworks */,
				6A5E42092977F30A007BE4E4 /* Resources */,
			);
			buildRules = (
			);
			dependencies = (
			);
			name = Compatibiltiy;
			productName = Compatibiltiy;
			productReference = 6A5E420B2977F30A007BE4E4 /* Compatibiltiy.app */;
			productType = "com.apple.product-type.application";
		};
/* End PBXNativeTarget section */

/* Begin PBXProject section */
		6A5E42032977F30A007BE4E4 /* Project object */ = {
			isa = PBXProject;
			attributes = {
				BuildIndependentTargetsInParallel = 1;
				LastSwiftUpdateCheck = 1410;
				LastUpgradeCheck = 1410;
				TargetAttributes = {
					6A5E420A2977F30A007BE4E4 = {
						CreatedOnToolsVersion = 14.1;
					};
				};
			};
			buildConfigurationList = 6A5E42062977F30A007BE4E4 /* Build configuration list for PBXProject "Compatibiltiy" */;
			compatibilityVersion = "Xcode 14.0";
			developmentRegion = en;
			hasScannedForEncodings = 0;
			knownRegions = (
				en,
				Base,
			);
			mainGroup = 6A5E42022977F30A007BE4E4;
			productRefGroup = 6A5E420C2977F30A007BE4E4 /* Products */;
			projectDirPath = "";
			projectRoot = "";
			targets = (
				6A5E420A2977F30A007BE4E4 /* Compatibiltiy */,
			);
		};
/* End PBXProject section */

/* Begin PBXResourcesBuildPhase section */
		6A5E42092977F30A007BE4E4 /* Resources */ = {
			isa = PBXResourcesBuildPhase;
			buildActionMask = 2147483647;
			files = (
				6A2A77412978FC2800BB035C /* compatibility.json in Resources */,
				6A5E421B2977F30C007BE4E4 /* LaunchScreen.storyboard in Resources */,
				6A5E42182977F30C007BE4E4 /* Assets.xcassets in Resources */,
			);
			runOnlyForDeploymentPostprocessing = 0;
		};
/* End PBXResourcesBuildPhase section */

/* Begin PBXSourcesBuildPhase section */
		6A5E42072977F30A007BE4E4 /* Sources */ = {
			isa = PBXSourcesBuildPhase;
			buildActionMask = 2147483647;
			files = (
				6A2A77492979181400BB035C /* Fish.swift in Sources */,
				6A5E42282977F8A7007BE4E4 /* CompatibilityCollectionViewCell.swift in Sources */,
				6A5E420F2977F30A007BE4E4 /* AppDelegate.swift in Sources */,
				6A5E42262977F384007BE4E4 /* CompatibilityView.swift in Sources */,
				6A5E42242977F32F007BE4E4 /* CompatibilityViewController.swift in Sources */,
				6A5E422A2977FE0E007BE4E4 /* DropViewView.swift in Sources */,
				6A2A77442978FD7400BB035C /* Bundle+Extensions.swift in Sources */,
			);
			runOnlyForDeploymentPostprocessing = 0;
		};
/* End PBXSourcesBuildPhase section */

/* Begin PBXVariantGroup section */
		6A5E42192977F30C007BE4E4 /* LaunchScreen.storyboard */ = {
			isa = PBXVariantGroup;
			children = (
				6A5E421A2977F30C007BE4E4 /* Base */,
			);
			name = LaunchScreen.storyboard;
			sourceTree = "<group>";
		};
/* End PBXVariantGroup section */

/* Begin XCBuildConfiguration section */
		6A5E421D2977F30C007BE4E4 /* Debug */ = {
			isa = XCBuildConfiguration;
			buildSettings = {
				ALWAYS_SEARCH_USER_PATHS = NO;
				CLANG_ANALYZER_NONNULL = YES;
				CLANG_ANALYZER_NUMBER_OBJECT_CONVERSION = YES_AGGRESSIVE;
				CLANG_CXX_LANGUAGE_STANDARD = "gnu++20";
				CLANG_ENABLE_MODULES = YES;
				CLANG_ENABLE_OBJC_ARC = YES;
				CLANG_ENABLE_OBJC_WEAK = YES;
				CLANG_WARN_BLOCK_CAPTURE_AUTORELEASING = YES;
				CLANG_WARN_BOOL_CONVERSION = YES;
				CLANG_WARN_COMMA = YES;
				CLANG_WARN_CONSTANT_CONVERSION = YES;
				CLANG_WARN_DEPRECATED_OBJC_IMPLEMENTATIONS = YES;
				CLANG_WARN_DIRECT_OBJC_ISA_USAGE = YES_ERROR;
				CLANG_WARN_DOCUMENTATION_COMMENTS = YES;
				CLANG_WARN_EMPTY_BODY = YES;
				CLANG_WARN_ENUM_CONVERSION = YES;
				CLANG_WARN_INFINITE_RECURSION = YES;
				CLANG_WARN_INT_CONVERSION = YES;
				CLANG_WARN_NON_LITERAL_NULL_CONVERSION = YES;
				CLANG_WARN_OBJC_IMPLICIT_RETAIN_SELF = YES;
				CLANG_WARN_OBJC_LITERAL_CONVERSION = YES;
				CLANG_WARN_OBJC_ROOT_CLASS = YES_ERROR;
				CLANG_WARN_QUOTED_INCLUDE_IN_FRAMEWORK_HEADER = YES;
				CLANG_WARN_RANGE_LOOP_ANALYSIS = YES;
				CLANG_WARN_STRICT_PROTOTYPES = YES;
				CLANG_WARN_SUSPICIOUS_MOVE = YES;
				CLANG_WARN_UNGUARDED_AVAILABILITY = YES_AGGRESSIVE;
				CLANG_WARN_UNREACHABLE_CODE = YES;
				CLANG_WARN__DUPLICATE_METHOD_MATCH = YES;
				COPY_PHASE_STRIP = NO;
				DEBUG_INFORMATION_FORMAT = dwarf;
				ENABLE_STRICT_OBJC_MSGSEND = YES;
				ENABLE_TESTABILITY = YES;
				GCC_C_LANGUAGE_STANDARD = gnu11;
				GCC_DYNAMIC_NO_PIC = NO;
				GCC_NO_COMMON_BLOCKS = YES;
				GCC_OPTIMIZATION_LEVEL = 0;
				GCC_PREPROCESSOR_DEFINITIONS = (
					"DEBUG=1",
					"$(inherited)",
				);
				GCC_WARN_64_TO_32_BIT_CONVERSION = YES;
				GCC_WARN_ABOUT_RETURN_TYPE = YES_ERROR;
				GCC_WARN_UNDECLARED_SELECTOR = YES;
				GCC_WARN_UNINITIALIZED_AUTOS = YES_AGGRESSIVE;
				GCC_WARN_UNUSED_FUNCTION = YES;
				GCC_WARN_UNUSED_VARIABLE = YES;
				IPHONEOS_DEPLOYMENT_TARGET = 16.1;
				MTL_ENABLE_DEBUG_INFO = INCLUDE_SOURCE;
				MTL_FAST_MATH = YES;
				ONLY_ACTIVE_ARCH = YES;
				SDKROOT = iphoneos;
				SWIFT_ACTIVE_COMPILATION_CONDITIONS = DEBUG;
				SWIFT_OPTIMIZATION_LEVEL = "-Onone";
			};
			name = Debug;
		};
		6A5E421E2977F30C007BE4E4 /* Release */ = {
			isa = XCBuildConfiguration;
			buildSettings = {
				ALWAYS_SEARCH_USER_PATHS = NO;
				CLANG_ANALYZER_NONNULL = YES;
				CLANG_ANALYZER_NUMBER_OBJECT_CONVERSION = YES_AGGRESSIVE;
				CLANG_CXX_LANGUAGE_STANDARD = "gnu++20";
				CLANG_ENABLE_MODULES = YES;
				CLANG_ENABLE_OBJC_ARC = YES;
				CLANG_ENABLE_OBJC_WEAK = YES;
				CLANG_WARN_BLOCK_CAPTURE_AUTORELEASING = YES;
				CLANG_WARN_BOOL_CONVERSION = YES;
				CLANG_WARN_COMMA = YES;
				CLANG_WARN_CONSTANT_CONVERSION = YES;
				CLANG_WARN_DEPRECATED_OBJC_IMPLEMENTATIONS = YES;
				CLANG_WARN_DIRECT_OBJC_ISA_USAGE = YES_ERROR;
				CLANG_WARN_DOCUMENTATION_COMMENTS = YES;
				CLANG_WARN_EMPTY_BODY = YES;
				CLANG_WARN_ENUM_CONVERSION = YES;
				CLANG_WARN_INFINITE_RECURSION = YES;
				CLANG_WARN_INT_CONVERSION = YES;
				CLANG_WARN_NON_LITERAL_NULL_CONVERSION = YES;
				CLANG_WARN_OBJC_IMPLICIT_RETAIN_SELF = YES;
				CLANG_WARN_OBJC_LITERAL_CONVERSION = YES;
				CLANG_WARN_OBJC_ROOT_CLASS = YES_ERROR;
				CLANG_WARN_QUOTED_INCLUDE_IN_FRAMEWORK_HEADER = YES;
				CLANG_WARN_RANGE_LOOP_ANALYSIS = YES;
				CLANG_WARN_STRICT_PROTOTYPES = YES;
				CLANG_WARN_SUSPICIOUS_MOVE = YES;
				CLANG_WARN_UNGUARDED_AVAILABILITY = YES_AGGRESSIVE;
				CLANG_WARN_UNREACHABLE_CODE = YES;
				CLANG_WARN__DUPLICATE_METHOD_MATCH = YES;
				COPY_PHASE_STRIP = NO;
				DEBUG_INFORMATION_FORMAT = "dwarf-with-dsym";
				ENABLE_NS_ASSERTIONS = NO;
				ENABLE_STRICT_OBJC_MSGSEND = YES;
				GCC_C_LANGUAGE_STANDARD = gnu11;
				GCC_NO_COMMON_BLOCKS = YES;
				GCC_WARN_64_TO_32_BIT_CONVERSION = YES;
				GCC_WARN_ABOUT_RETURN_TYPE = YES_ERROR;
				GCC_WARN_UNDECLARED_SELECTOR = YES;
				GCC_WARN_UNINITIALIZED_AUTOS = YES_AGGRESSIVE;
				GCC_WARN_UNUSED_FUNCTION = YES;
				GCC_WARN_UNUSED_VARIABLE = YES;
				IPHONEOS_DEPLOYMENT_TARGET = 16.1;
				MTL_ENABLE_DEBUG_INFO = NO;
				MTL_FAST_MATH = YES;
				SDKROOT = iphoneos;
				SWIFT_COMPILATION_MODE = wholemodule;
				SWIFT_OPTIMIZATION_LEVEL = "-O";
				VALIDATE_PRODUCT = YES;
			};
			name = Release;
		};
		6A5E42202977F30C007BE4E4 /* Debug */ = {
			isa = XCBuildConfiguration;
			buildSettings = {
				ASSETCATALOG_COMPILER_APPICON_NAME = AppIcon;
				ASSETCATALOG_COMPILER_GLOBAL_ACCENT_COLOR_NAME = AccentColor;
				CODE_SIGN_STYLE = Automatic;
				CURRENT_PROJECT_VERSION = 1;
				GENERATE_INFOPLIST_FILE = YES;
				INFOPLIST_FILE = Compatibiltiy/Info.plist;
				INFOPLIST_KEY_UIApplicationSupportsIndirectInputEvents = YES;
				INFOPLIST_KEY_UILaunchStoryboardName = LaunchScreen;
				INFOPLIST_KEY_UISupportedInterfaceOrientations_iPad = "UIInterfaceOrientationPortrait UIInterfaceOrientationPortraitUpsideDown UIInterfaceOrientationLandscapeLeft UIInterfaceOrientationLandscapeRight";
				INFOPLIST_KEY_UISupportedInterfaceOrientations_iPhone = "UIInterfaceOrientationPortrait UIInterfaceOrientationLandscapeLeft UIInterfaceOrientationLandscapeRight";
				LD_RUNPATH_SEARCH_PATHS = (
					"$(inherited)",
					"@executable_path/Frameworks",
				);
				MARKETING_VERSION = 1.0;
				PRODUCT_BUNDLE_IDENTIFIER = com.nirajan.Compatibiltiy;
				PRODUCT_NAME = "$(TARGET_NAME)";
				SWIFT_EMIT_LOC_STRINGS = YES;
				SWIFT_VERSION = 5.0;
				TARGETED_DEVICE_FAMILY = "1,2";
			};
			name = Debug;
		};
		6A5E42212977F30C007BE4E4 /* Release */ = {
			isa = XCBuildConfiguration;
			buildSettings = {
				ASSETCATALOG_COMPILER_APPICON_NAME = AppIcon;
				ASSETCATALOG_COMPILER_GLOBAL_ACCENT_COLOR_NAME = AccentColor;
				CODE_SIGN_STYLE = Automatic;
				CURRENT_PROJECT_VERSION = 1;
				GENERATE_INFOPLIST_FILE = YES;
				INFOPLIST_FILE = Compatibiltiy/Info.plist;
				INFOPLIST_KEY_UIApplicationSupportsIndirectInputEvents = YES;
				INFOPLIST_KEY_UILaunchStoryboardName = LaunchScreen;
				INFOPLIST_KEY_UISupportedInterfaceOrientations_iPad = "UIInterfaceOrientationPortrait UIInterfaceOrientationPortraitUpsideDown UIInterfaceOrientationLandscapeLeft UIInterfaceOrientationLandscapeRight";
				INFOPLIST_KEY_UISupportedInterfaceOrientations_iPhone = "UIInterfaceOrientationPortrait UIInterfaceOrientationLandscapeLeft UIInterfaceOrientationLandscapeRight";
				LD_RUNPATH_SEARCH_PATHS = (
					"$(inherited)",
					"@executable_path/Frameworks",
				);
				MARKETING_VERSION = 1.0;
				PRODUCT_BUNDLE_IDENTIFIER = com.nirajan.Compatibiltiy;
				PRODUCT_NAME = "$(TARGET_NAME)";
				SWIFT_EMIT_LOC_STRINGS = YES;
				SWIFT_VERSION = 5.0;
				TARGETED_DEVICE_FAMILY = "1,2";
			};
			name = Release;
		};
/* End XCBuildConfiguration section */

/* Begin XCConfigurationList section */
		6A5E42062977F30A007BE4E4 /* Build configuration list for PBXProject "Compatibiltiy" */ = {
			isa = XCConfigurationList;
			buildConfigurations = (
				6A5E421D2977F30C007BE4E4 /* Debug */,
				6A5E421E2977F30C007BE4E4 /* Release */,
			);
			defaultConfigurationIsVisible = 0;
			defaultConfigurationName = Release;
		};
		6A5E421F2977F30C007BE4E4 /* Build configuration list for PBXNativeTarget "Compatibiltiy" */ = {
			isa = XCConfigurationList;
			buildConfigurations = (
				6A5E42202977F30C007BE4E4 /* Debug */,
				6A5E42212977F30C007BE4E4 /* Release */,
			);
			defaultConfigurationIsVisible = 0;
			defaultConfigurationName = Release;
		};
/* End XCConfigurationList section */
	};
	rootObject = 6A5E42032977F30A007BE4E4 /* Project object */;
}
